<?xml version="1.0" encoding="utf-8"?>
<Project ToolsVersion="4.0" xmlns="http://schemas.microsoft.com/developer/msbuild/2003">
  <ItemGroup>
    <Filter Include="src">
      <UniqueIdentifier>{d8376475-7454-4a24-b08a-aac121d3ad6f}</UniqueIdentifier>
    </Filter>
    <Filter Include="addons">
      <UniqueIdentifier>{ee4ba2a9-dc88-4a96-997b-309921fa08af}</UniqueIdentifier>
    </Filter>
    <Filter Include="src\example">
      <UniqueIdentifier>{43e08a51-b5c8-41f8-ab3b-3c8a12a97bbc}</UniqueIdentifier>
    </Filter>
  </ItemGroup>
  <ItemGroup>
    <ResourceCompile Include="icon.rc" />
  </ItemGroup>
  <ItemGroup>
    <ClCompile Include="src\ofxZED.cpp">
      <Filter>src</Filter>
    </ClCompile>
    <ClCompile Include="src\example\main.cpp">
      <Filter>src\example</Filter>
    </ClCompile>
    <ClCompile Include="src\example\ofApp.cpp">
      <Filter>src\example</Filter>
    </ClCompile>
  </ItemGroup>
  <ItemGroup>
    <ClInclude Include="src\ofxZED.h">
      <Filter>src</Filter>
    </ClInclude>
    <ClInclude Include="src\example\ofApp.h">
      <Filter>src\example</Filter>
    </ClInclude>
  </ItemGroup>
</Project>